
Microsoft Visual Studio Solution File, Format Version 12.00
# Visual Studio Version 17
VisualStudioVersion = 17.12.35527.113 d17.12
MinimumVisualStudioVersion = 10.0.40219.1
Project("{FAE04EC0-301F-11D3-BF4B-00C04F79EFBC}") = "Sual89", "Sual89\Sual89.csproj", "{3EB189A4-4DFB-4C79-9F4A-6CD55AD71DB3}"
EndProject
Global
	GlobalSection(SolutionConfigurationPlatforms) = preSolution
		Debug|Any CPU = Debug|Any CPU
		Release|Any CPU = Release|Any CPU
	EndGlobalSection
	GlobalSection(ProjectConfigurationPlatforms) = postSolution
		{3EB189A4-4DFB-4C79-9F4A-6CD55AD71DB3}.Debug|Any CPU.ActiveCfg = Debug|Any CPU
		{3EB189A4-4DFB-4C79-9F4A-6CD55AD71DB3}.Debug|Any CPU.Build.0 = Debug|Any CPU
		{3EB189A4-4DFB-4C79-9F4A-6CD55AD71DB3}.Release|Any CPU.ActiveCfg = Release|Any CPU
		{3EB189A4-4DFB-4C79-9F4A-6CD55AD71DB3}.Release|Any CPU.Build.0 = Release|Any CPU
	EndGlobalSection
	GlobalSection(SolutionProperties) = preSolution
		HideSolutionNode = FALSE
	EndGlobalSection
EndGlobal
