
Microsoft Visual Studio Solution File, Format Version 12.00
# Visual Studio Version 17
VisualStudioVersion = 17.12.35527.113 d17.12
MinimumVisualStudioVersion = 10.0.40219.1
Project("{FAE04EC0-301F-11D3-BF4B-00C04F79EFBC}") = "Sual92", "Sual92\Sual92.csproj", "{FA3757EC-2E16-4FB4-AB65-DF9BC1C9AA84}"
EndProject
Global
	GlobalSection(SolutionConfigurationPlatforms) = preSolution
		Debug|Any CPU = Debug|Any CPU
		Release|Any CPU = Release|Any CPU
	EndGlobalSection
	GlobalSection(ProjectConfigurationPlatforms) = postSolution
		{FA3757EC-2E16-4FB4-AB65-DF9BC1C9AA84}.Debug|Any CPU.ActiveCfg = Debug|Any CPU
		{FA3757EC-2E16-4FB4-AB65-DF9BC1C9AA84}.Debug|Any CPU.Build.0 = Debug|Any CPU
		{FA3757EC-2E16-4FB4-AB65-DF9BC1C9AA84}.Release|Any CPU.ActiveCfg = Release|Any CPU
		{FA3757EC-2E16-4FB4-AB65-DF9BC1C9AA84}.Release|Any CPU.Build.0 = Release|Any CPU
	EndGlobalSection
	GlobalSection(SolutionProperties) = preSolution
		HideSolutionNode = FALSE
	EndGlobalSection
EndGlobal
